
Microsoft Visual Studio Solution File, Format Version 12.00
# Visual Studio Version 17
VisualStudioVersion = 17.13.35818.85 d17.13
MinimumVisualStudioVersion = 10.0.40219.1
Project("{FAE04EC0-301F-11D3-BF4B-00C04F79EFBC}") = "Crud12", "Crud12\Crud12.csproj", "{77C959DC-AD7D-4B52-9CBE-39ECC47430FB}"
EndProject
Project("{FAE04EC0-301F-11D3-BF4B-00C04F79EFBC}") = "Crud.DataAccess", "Crud.DataAccess\Crud.DataAccess.csproj", "{3F6BCA0B-9C79-45F4-B2F5-34D27308B888}"
EndProject
Project("{FAE04EC0-301F-11D3-BF4B-00C04F79EFBC}") = "Crud.Models", "Crud.Models\Crud.Models.csproj", "{5D8E69F3-90C6-4881-AFC3-D1D15160A8CC}"
EndProject
Project("{FAE04EC0-301F-11D3-BF4B-00C04F79EFBC}") = "Crud.Utility", "Crud.Utility\Crud.Utility.csproj", "{C540E031-D970-4341-88CB-DD1BC8E71755}"
EndProject
Global
	GlobalSection(SolutionConfigurationPlatforms) = preSolution
		Debug|Any CPU = Debug|Any CPU
		Release|Any CPU = Release|Any CPU
	EndGlobalSection
	GlobalSection(ProjectConfigurationPlatforms) = postSolution
		{77C959DC-AD7D-4B52-9CBE-39ECC47430FB}.Debug|Any CPU.ActiveCfg = Debug|Any CPU
		{77C959DC-AD7D-4B52-9CBE-39ECC47430FB}.Debug|Any CPU.Build.0 = Debug|Any CPU
		{77C959DC-AD7D-4B52-9CBE-39ECC47430FB}.Release|Any CPU.ActiveCfg = Release|Any CPU
		{77C959DC-AD7D-4B52-9CBE-39ECC47430FB}.Release|Any CPU.Build.0 = Release|Any CPU
		{3F6BCA0B-9C79-45F4-B2F5-34D27308B888}.Debug|Any CPU.ActiveCfg = Debug|Any CPU
		{3F6BCA0B-9C79-45F4-B2F5-34D27308B888}.Debug|Any CPU.Build.0 = Debug|Any CPU
		{3F6BCA0B-9C79-45F4-B2F5-34D27308B888}.Release|Any CPU.ActiveCfg = Release|Any CPU
		{3F6BCA0B-9C79-45F4-B2F5-34D27308B888}.Release|Any CPU.Build.0 = Release|Any CPU
		{5D8E69F3-90C6-4881-AFC3-D1D15160A8CC}.Debug|Any CPU.ActiveCfg = Debug|Any CPU
		{5D8E69F3-90C6-4881-AFC3-D1D15160A8CC}.Debug|Any CPU.Build.0 = Debug|Any CPU
		{5D8E69F3-90C6-4881-AFC3-D1D15160A8CC}.Release|Any CPU.ActiveCfg = Release|Any CPU
		{5D8E69F3-90C6-4881-AFC3-D1D15160A8CC}.Release|Any CPU.Build.0 = Release|Any CPU
		{C540E031-D970-4341-88CB-DD1BC8E71755}.Debug|Any CPU.ActiveCfg = Debug|Any CPU
		{C540E031-D970-4341-88CB-DD1BC8E71755}.Debug|Any CPU.Build.0 = Debug|Any CPU
		{C540E031-D970-4341-88CB-DD1BC8E71755}.Release|Any CPU.ActiveCfg = Release|Any CPU
		{C540E031-D970-4341-88CB-DD1BC8E71755}.Release|Any CPU.Build.0 = Release|Any CPU
	EndGlobalSection
	GlobalSection(SolutionProperties) = preSolution
		HideSolutionNode = FALSE
	EndGlobalSection
	GlobalSection(ExtensibilityGlobals) = postSolution
		SolutionGuid = {C80A4139-6E76-4773-9923-DAAB62BBB206}
	EndGlobalSection
EndGlobal
